
Microsoft Visual Studio Solution File, Format Version 12.00
# Visual Studio Version 17
VisualStudioVersion = 17.5.002.0
MinimumVisualStudioVersion = 10.0.40219.1
Project("{9A19103F-16F7-4668-BE54-9A1E7A4F7556}") = "SurvilanceManager", "SurvilanceManager.csproj", "{AE5075E9-0E28-45E1-A7EF-19A6C7EAF485}"
EndProject
Global
	GlobalSection(SolutionConfigurationPlatforms) = preSolution
		Debug|Any CPU = Debug|Any CPU
		Release|Any CPU = Release|Any CPU
	EndGlobalSection
	GlobalSection(ProjectConfigurationPlatforms) = postSolution
		{AE5075E9-0E28-45E1-A7EF-19A6C7EAF485}.Debug|Any CPU.ActiveCfg = Debug|Any CPU
		{AE5075E9-0E28-45E1-A7EF-19A6C7EAF485}.Debug|Any CPU.Build.0 = Debug|Any CPU
		{AE5075E9-0E28-45E1-A7EF-19A6C7EAF485}.Release|Any CPU.ActiveCfg = Release|Any CPU
		{AE5075E9-0E28-45E1-A7EF-19A6C7EAF485}.Release|Any CPU.Build.0 = Release|Any CPU
	EndGlobalSection
	GlobalSection(SolutionProperties) = preSolution
		HideSolutionNode = FALSE
	EndGlobalSection
	GlobalSection(ExtensibilityGlobals) = postSolution
		SolutionGuid = {0AD09610-485A-48F2-B437-995E316CAAA8}
	EndGlobalSection
EndGlobal
