
Microsoft Visual Studio Solution File, Format Version 12.00
# Visual Studio Version 17
VisualStudioVersion = 17.5.002.0
MinimumVisualStudioVersion = 10.0.40219.1
Project("{9A19103F-16F7-4668-BE54-9A1E7A4F7556}") = "SchoolAdmin", "SchoolAdmin.csproj", "{6B4C225C-B300-4F6D-95D4-E18D14B7C6AA}"
EndProject
Global
	GlobalSection(SolutionConfigurationPlatforms) = preSolution
		Debug|Any CPU = Debug|Any CPU
		Release|Any CPU = Release|Any CPU
	EndGlobalSection
	GlobalSection(ProjectConfigurationPlatforms) = postSolution
		{6B4C225C-B300-4F6D-95D4-E18D14B7C6AA}.Debug|Any CPU.ActiveCfg = Debug|Any CPU
		{6B4C225C-B300-4F6D-95D4-E18D14B7C6AA}.Debug|Any CPU.Build.0 = Debug|Any CPU
		{6B4C225C-B300-4F6D-95D4-E18D14B7C6AA}.Release|Any CPU.ActiveCfg = Release|Any CPU
		{6B4C225C-B300-4F6D-95D4-E18D14B7C6AA}.Release|Any CPU.Build.0 = Release|Any CPU
	EndGlobalSection
	GlobalSection(SolutionProperties) = preSolution
		HideSolutionNode = FALSE
	EndGlobalSection
	GlobalSection(ExtensibilityGlobals) = postSolution
		SolutionGuid = {363A2AEE-0E63-418E-BD99-141087C2CBDE}
	EndGlobalSection
EndGlobal
